
Microsoft Visual Studio Solution File, Format Version 12.00
# Visual Studio Version 17
VisualStudioVersion = 17.6.33723.286
MinimumVisualStudioVersion = 10.0.40219.1
Project("{9A19103F-16F7-4668-BE54-9A1E7A4F7556}") = "Dviaje", "Dviaje\Dviaje.csproj", "{42C4C215-1D6C-4BAE-B1C7-703793FABA38}"
EndProject
Project("{9A19103F-16F7-4668-BE54-9A1E7A4F7556}") = "Dviaje.Models", "Dviaje.Models\Dviaje.Models.csproj", "{ABEFE0BA-7D2B-4808-9322-8CD38FCC5E64}"
EndProject
Project("{9A19103F-16F7-4668-BE54-9A1E7A4F7556}") = "Dviaje.DataAccess", "Dviaje.DataAccess\Dviaje.DataAccess.csproj", "{2FB00062-0282-447C-B11B-43D5C2978F9C}"
EndProject
Project("{9A19103F-16F7-4668-BE54-9A1E7A4F7556}") = "Dviaje.Utility", "Dviaje.Utility\Dviaje.Utility.csproj", "{6E71FCA6-139F-44CA-96BD-3182DEB8942D}"
EndProject
Project("{9A19103F-16F7-4668-BE54-9A1E7A4F7556}") = "Dviaje.Services", "Dviaje.Services\Dviaje.Services.csproj", "{F998ED24-3379-497E-9758-F8DBFFD54691}"
EndProject
Global
	GlobalSection(SolutionConfigurationPlatforms) = preSolution
		Debug|Any CPU = Debug|Any CPU
		Release|Any CPU = Release|Any CPU
	EndGlobalSection
	GlobalSection(ProjectConfigurationPlatforms) = postSolution
		{42C4C215-1D6C-4BAE-B1C7-703793FABA38}.Debug|Any CPU.ActiveCfg = Debug|Any CPU
		{42C4C215-1D6C-4BAE-B1C7-703793FABA38}.Debug|Any CPU.Build.0 = Debug|Any CPU
		{42C4C215-1D6C-4BAE-B1C7-703793FABA38}.Release|Any CPU.ActiveCfg = Release|Any CPU
		{42C4C215-1D6C-4BAE-B1C7-703793FABA38}.Release|Any CPU.Build.0 = Release|Any CPU
		{ABEFE0BA-7D2B-4808-9322-8CD38FCC5E64}.Debug|Any CPU.ActiveCfg = Debug|Any CPU
		{ABEFE0BA-7D2B-4808-9322-8CD38FCC5E64}.Debug|Any CPU.Build.0 = Debug|Any CPU
		{ABEFE0BA-7D2B-4808-9322-8CD38FCC5E64}.Release|Any CPU.ActiveCfg = Release|Any CPU
		{ABEFE0BA-7D2B-4808-9322-8CD38FCC5E64}.Release|Any CPU.Build.0 = Release|Any CPU
		{2FB00062-0282-447C-B11B-43D5C2978F9C}.Debug|Any CPU.ActiveCfg = Debug|Any CPU
		{2FB00062-0282-447C-B11B-43D5C2978F9C}.Debug|Any CPU.Build.0 = Debug|Any CPU
		{2FB00062-0282-447C-B11B-43D5C2978F9C}.Release|Any CPU.ActiveCfg = Release|Any CPU
		{2FB00062-0282-447C-B11B-43D5C2978F9C}.Release|Any CPU.Build.0 = Release|Any CPU
		{6E71FCA6-139F-44CA-96BD-3182DEB8942D}.Debug|Any CPU.ActiveCfg = Debug|Any CPU
		{6E71FCA6-139F-44CA-96BD-3182DEB8942D}.Debug|Any CPU.Build.0 = Debug|Any CPU
		{6E71FCA6-139F-44CA-96BD-3182DEB8942D}.Release|Any CPU.ActiveCfg = Release|Any CPU
		{6E71FCA6-139F-44CA-96BD-3182DEB8942D}.Release|Any CPU.Build.0 = Release|Any CPU
		{F998ED24-3379-497E-9758-F8DBFFD54691}.Debug|Any CPU.ActiveCfg = Debug|Any CPU
		{F998ED24-3379-497E-9758-F8DBFFD54691}.Debug|Any CPU.Build.0 = Debug|Any CPU
		{F998ED24-3379-497E-9758-F8DBFFD54691}.Release|Any CPU.ActiveCfg = Release|Any CPU
		{F998ED24-3379-497E-9758-F8DBFFD54691}.Release|Any CPU.Build.0 = Release|Any CPU
	EndGlobalSection
	GlobalSection(SolutionProperties) = preSolution
		HideSolutionNode = FALSE
	EndGlobalSection
	GlobalSection(ExtensibilityGlobals) = postSolution
		SolutionGuid = {C42D7AEA-030A-4628-8E2F-A0FB5DA28747}
	EndGlobalSection
EndGlobal
